
Microsoft Visual Studio Solution File, Format Version 12.00
# Visual Studio 15
VisualStudioVersion = 15.0.27130.2027
MinimumVisualStudioVersion = 10.0.40219.1
Project("{FAE04EC0-301F-11D3-BF4B-00C04F79EFBC}") = "TeamLLama", "TeamLLama\TeamLLama.csproj", "{9832E310-576C-4321-822E-01D74A08E929}"
EndProject
Global
	GlobalSection(SolutionConfigurationPlatforms) = preSolution
		Debug|Any CPU = Debug|Any CPU
		Release|Any CPU = Release|Any CPU
	EndGlobalSection
	GlobalSection(ProjectConfigurationPlatforms) = postSolution
		{9832E310-576C-4321-822E-01D74A08E929}.Debug|Any CPU.ActiveCfg = Debug|Any CPU
		{9832E310-576C-4321-822E-01D74A08E929}.Debug|Any CPU.Build.0 = Debug|Any CPU
		{9832E310-576C-4321-822E-01D74A08E929}.Release|Any CPU.ActiveCfg = Release|Any CPU
		{9832E310-576C-4321-822E-01D74A08E929}.Release|Any CPU.Build.0 = Release|Any CPU
	EndGlobalSection
	GlobalSection(SolutionProperties) = preSolution
		HideSolutionNode = FALSE
	EndGlobalSection
	GlobalSection(ExtensibilityGlobals) = postSolution
		SolutionGuid = {79BA6706-B090-4091-AF39-EC8726066BDA}
	EndGlobalSection
EndGlobal
